
Microsoft Visual Studio Solution File, Format Version 12.00
# Visual Studio Version 16
VisualStudioVersion = 16.0.31624.102
MinimumVisualStudioVersion = 10.0.40219.1
Project("{FAE04EC0-301F-11D3-BF4B-00C04F79EFBC}") = "Prac2U3", "Prac2U3\Prac2U3.csproj", "{61B0FA36-8B09-4EBB-BB39-04CD02CD2BD8}"
EndProject
Global
	GlobalSection(SolutionConfigurationPlatforms) = preSolution
		Debug|Any CPU = Debug|Any CPU
		Release|Any CPU = Release|Any CPU
	EndGlobalSection
	GlobalSection(ProjectConfigurationPlatforms) = postSolution
		{61B0FA36-8B09-4EBB-BB39-04CD02CD2BD8}.Debug|Any CPU.ActiveCfg = Debug|Any CPU
		{61B0FA36-8B09-4EBB-BB39-04CD02CD2BD8}.Debug|Any CPU.Build.0 = Debug|Any CPU
		{61B0FA36-8B09-4EBB-BB39-04CD02CD2BD8}.Release|Any CPU.ActiveCfg = Release|Any CPU
		{61B0FA36-8B09-4EBB-BB39-04CD02CD2BD8}.Release|Any CPU.Build.0 = Release|Any CPU
	EndGlobalSection
	GlobalSection(SolutionProperties) = preSolution
		HideSolutionNode = FALSE
	EndGlobalSection
	GlobalSection(ExtensibilityGlobals) = postSolution
		SolutionGuid = {C548203D-7AF7-4344-9303-762918040666}
	EndGlobalSection
EndGlobal
