
Microsoft Visual Studio Solution File, Format Version 12.00
# Visual Studio Version 16
VisualStudioVersion = 16.0.31624.102
MinimumVisualStudioVersion = 10.0.40219.1
Project("{FAE04EC0-301F-11D3-BF4B-00C04F79EFBC}") = "Prac4U3", "Prac4U3\Prac4U3.csproj", "{929D73DD-3B3B-4FAD-8D7F-0C33E726FDA8}"
EndProject
Global
	GlobalSection(SolutionConfigurationPlatforms) = preSolution
		Debug|Any CPU = Debug|Any CPU
		Release|Any CPU = Release|Any CPU
	EndGlobalSection
	GlobalSection(ProjectConfigurationPlatforms) = postSolution
		{929D73DD-3B3B-4FAD-8D7F-0C33E726FDA8}.Debug|Any CPU.ActiveCfg = Debug|Any CPU
		{929D73DD-3B3B-4FAD-8D7F-0C33E726FDA8}.Debug|Any CPU.Build.0 = Debug|Any CPU
		{929D73DD-3B3B-4FAD-8D7F-0C33E726FDA8}.Release|Any CPU.ActiveCfg = Release|Any CPU
		{929D73DD-3B3B-4FAD-8D7F-0C33E726FDA8}.Release|Any CPU.Build.0 = Release|Any CPU
	EndGlobalSection
	GlobalSection(SolutionProperties) = preSolution
		HideSolutionNode = FALSE
	EndGlobalSection
	GlobalSection(ExtensibilityGlobals) = postSolution
		SolutionGuid = {DCB51079-C939-47C4-AC88-FE43C3A34ABF}
	EndGlobalSection
EndGlobal
